
Microsoft Visual Studio Solution File, Format Version 12.00
# Visual Studio 15
VisualStudioVersion = 15.0.28307.1000
MinimumVisualStudioVersion = 10.0.40219.1
Project("{FAE04EC0-301F-11D3-BF4B-00C04F79EFBC}") = "BankApplication", "BankApplication\BankApplication.csproj", "{651AF02B-B7C1-43A5-AE89-7CAFF1639402}"
EndProject
Project("{FAE04EC0-301F-11D3-BF4B-00C04F79EFBC}") = "BankLibrary", "BankLibrary\BankLibrary.csproj", "{B215BCC1-8CC8-41F7-86B3-C0D90463B7FB}"
EndProject
Global
	GlobalSection(SolutionConfigurationPlatforms) = preSolution
		Debug|Any CPU = Debug|Any CPU
		Release|Any CPU = Release|Any CPU
	EndGlobalSection
	GlobalSection(ProjectConfigurationPlatforms) = postSolution
		{651AF02B-B7C1-43A5-AE89-7CAFF1639402}.Debug|Any CPU.ActiveCfg = Debug|Any CPU
		{651AF02B-B7C1-43A5-AE89-7CAFF1639402}.Debug|Any CPU.Build.0 = Debug|Any CPU
		{651AF02B-B7C1-43A5-AE89-7CAFF1639402}.Release|Any CPU.ActiveCfg = Release|Any CPU
		{651AF02B-B7C1-43A5-AE89-7CAFF1639402}.Release|Any CPU.Build.0 = Release|Any CPU
		{B215BCC1-8CC8-41F7-86B3-C0D90463B7FB}.Debug|Any CPU.ActiveCfg = Debug|Any CPU
		{B215BCC1-8CC8-41F7-86B3-C0D90463B7FB}.Debug|Any CPU.Build.0 = Debug|Any CPU
		{B215BCC1-8CC8-41F7-86B3-C0D90463B7FB}.Release|Any CPU.ActiveCfg = Release|Any CPU
		{B215BCC1-8CC8-41F7-86B3-C0D90463B7FB}.Release|Any CPU.Build.0 = Release|Any CPU
	EndGlobalSection
	GlobalSection(SolutionProperties) = preSolution
		HideSolutionNode = FALSE
	EndGlobalSection
	GlobalSection(ExtensibilityGlobals) = postSolution
		SolutionGuid = {706C5800-BE7F-43B9-9C80-28FF3427BA3E}
	EndGlobalSection
EndGlobal
